# This file is automatically @generated by Cargo.
# It is not intended for manual editing.
version = 3

[[package]]
name = "anyhow"
version = "1.0.70"
source = "registry+https://github.com/rust-lang/crates.io-index"
checksum = "7de8ce5e0f9f8d88245311066a578d72b7af3e7088f32783804676302df237e4"

[[package]]
name = "xflags"
version = "0.3.1"
source = "registry+https://github.com/rust-lang/crates.io-index"
checksum = "c4554b580522d0ca238369c16b8f6ce34524d61dafe7244993754bbd05f2c2ea"
dependencies = [
 "xflags-macros",
]

[[package]]
name = "xflags-macros"
version = "0.3.1"
source = "registry+https://github.com/rust-lang/crates.io-index"
checksum = "f58e7b3ca8977093aae6b87b6a7730216fc4c53a6530bab5c43a783cd810c1a8"

[[package]]
name = "xshell"
version = "0.2.3"
source = "registry+https://github.com/rust-lang/crates.io-index"
checksum = "962c039b3a7b16cf4e9a4248397c6585c07547412e7d6a6e035389a802dcfe90"
dependencies = [
 "xshell-macros",
]

[[package]]
name = "xshell-macros"
version = "0.2.3"
source = "registry+https://github.com/rust-lang/crates.io-index"
checksum = "1dbabb1cbd15a1d6d12d9ed6b35cc6777d4af87ab3ba155ea37215f20beab80c"

[[package]]
name = "xtool"
version = "0.0.0"
dependencies = [
 "anyhow",
 "xflags",
 "xshell",
]
